
Microsoft Visual Studio Solution File, Format Version 12.00
# Visual Studio 15
VisualStudioVersion = 15.0.27004.2009
MinimumVisualStudioVersion = 10.0.40219.1
Project("{FAE04EC0-301F-11D3-BF4B-00C04F79EFBC}") = "learningNetCore", "learningNetCore\learningNetCore.csproj", "{49D6B7E5-C382-497D-97CB-B5FE18C3D01C}"
EndProject
Global
	GlobalSection(SolutionConfigurationPlatforms) = preSolution
		Debug|Any CPU = Debug|Any CPU
		Release|Any CPU = Release|Any CPU
	EndGlobalSection
	GlobalSection(ProjectConfigurationPlatforms) = postSolution
		{49D6B7E5-C382-497D-97CB-B5FE18C3D01C}.Debug|Any CPU.ActiveCfg = Debug|Any CPU
		{49D6B7E5-C382-497D-97CB-B5FE18C3D01C}.Debug|Any CPU.Build.0 = Debug|Any CPU
		{49D6B7E5-C382-497D-97CB-B5FE18C3D01C}.Release|Any CPU.ActiveCfg = Release|Any CPU
		{49D6B7E5-C382-497D-97CB-B5FE18C3D01C}.Release|Any CPU.Build.0 = Release|Any CPU
	EndGlobalSection
	GlobalSection(SolutionProperties) = preSolution
		HideSolutionNode = FALSE
	EndGlobalSection
	GlobalSection(ExtensibilityGlobals) = postSolution
		SolutionGuid = {6566ECD6-5645-4704-BC8F-7D18BCB88B0C}
	EndGlobalSection
EndGlobal
